
Microsoft Visual Studio Solution File, Format Version 12.00
# Visual Studio 15
VisualStudioVersion = 15.0.27130.2020
MinimumVisualStudioVersion = 10.0.40219.1
Project("{FAE04EC0-301F-11D3-BF4B-00C04F79EFBC}") = "AdoNetOleDbCommand", "AdoNetOleDbCommand\AdoNetOleDbCommand.csproj", "{C4593329-9A74-48D1-953C-B9BAD02DBEB5}"
EndProject
Global
	GlobalSection(SolutionConfigurationPlatforms) = preSolution
		Debug|Any CPU = Debug|Any CPU
		Release|Any CPU = Release|Any CPU
	EndGlobalSection
	GlobalSection(ProjectConfigurationPlatforms) = postSolution
		{C4593329-9A74-48D1-953C-B9BAD02DBEB5}.Debug|Any CPU.ActiveCfg = Debug|Any CPU
		{C4593329-9A74-48D1-953C-B9BAD02DBEB5}.Debug|Any CPU.Build.0 = Debug|Any CPU
		{C4593329-9A74-48D1-953C-B9BAD02DBEB5}.Release|Any CPU.ActiveCfg = Release|Any CPU
		{C4593329-9A74-48D1-953C-B9BAD02DBEB5}.Release|Any CPU.Build.0 = Release|Any CPU
	EndGlobalSection
	GlobalSection(SolutionProperties) = preSolution
		HideSolutionNode = FALSE
	EndGlobalSection
	GlobalSection(ExtensibilityGlobals) = postSolution
		SolutionGuid = {ECCC7DEF-6269-45B2-9F31-D56D7D02CAEC}
	EndGlobalSection
EndGlobal
